<?xml version="1.0" encoding="utf-8"?>
<Project ToolsVersion="4.0" xmlns="http://schemas.microsoft.com/developer/msbuild/2003">
  <ItemGroup>
    <Filter Include="Source Files">
      <UniqueIdentifier>{4FC737F1-C7A5-4376-A066-2A32D752A2FF}</UniqueIdentifier>
      <Extensions>cpp;c;cc;cxx;def;odl;idl;hpj;bat;asm;asmx</Extensions>
    </Filter>
    <Filter Include="Header Files">
      <UniqueIdentifier>{93995380-89BD-4b04-88EB-625FBE52EBFB}</UniqueIdentifier>
      <Extensions>h;hh;hpp;hxx;hm;inl;inc;xsd</Extensions>
    </Filter>
    <Filter Include="Resource Files">
      <UniqueIdentifier>{67DA6AB6-F800-4c08-8B7A-83BB121AAD01}</UniqueIdentifier>
      <Extensions>rc;ico;cur;bmp;dlg;rc2;rct;bin;rgs;gif;jpg;jpeg;jpe;resx;tiff;tif;png;wav;mfcribbon-ms</Extensions>
    </Filter>
    <Filter Include="Source Files\Game">
      <UniqueIdentifier>{a2c17dc0-9b9d-4366-bc79-7289709de9e8}</UniqueIdentifier>
    </Filter>
    <Filter Include="Header Files\Game">
      <UniqueIdentifier>{c20cb221-c1ad-4f66-87aa-19bbbb207f7c}</UniqueIdentifier>
    </Filter>
    <Filter Include="Header Files\Game\Components">
      <UniqueIdentifier>{180300e5-4bb4-4b1e-b9bc-9f7084dfc95e}</UniqueIdentifier>
    </Filter>
    <Filter Include="Source Files\Game\Component">
      <UniqueIdentifier>{2cef532a-5d1a-4e4b-95e1-fab0dae0e651}</UniqueIdentifier>
    </Filter>
    <Filter Include="Source Files\Game\Controller">
      <UniqueIdentifier>{e81976f5-2008-4d0a-bdda-85fbd19e99ee}</UniqueIdentifier>
    </Filter>
    <Filter Include="Header Files\Game\Controller">
      <UniqueIdentifier>{4698f87e-a4b9-4373-bad7-ebdc313d4e22}</UniqueIdentifier>
    </Filter>
    <Filter Include="Header Files\Game\Components\Player">
      <UniqueIdentifier>{8e1bd54b-ebf3-48fb-b888-905905dec892}</UniqueIdentifier>
    </Filter>
    <Filter Include="Header Files\Game\Components\Ball">
      <UniqueIdentifier>{b1fdff41-426a-4c3d-84a3-5175fb78b194}</UniqueIdentifier>
    </Filter>
    <Filter Include="Source Files\Game\Component\Player">
      <UniqueIdentifier>{3ab2fbca-1e7c-4176-9895-449559ccb061}</UniqueIdentifier>
    </Filter>
    <Filter Include="Source Files\Game\Component\Ball">
      <UniqueIdentifier>{6b6bd768-f703-4e1c-aa78-16291ff2d2c9}</UniqueIdentifier>
    </Filter>
    <Filter Include="Source Files\Game\Component\Projectile">
      <UniqueIdentifier>{aca0c109-9500-430d-a4fe-fc2a55df875d}</UniqueIdentifier>
    </Filter>
    <Filter Include="Header Files\Game\Components\Projectile">
      <UniqueIdentifier>{d0033fe1-4b9f-4481-8844-9917ebb74c29}</UniqueIdentifier>
    </Filter>
    <Filter Include="Header Files\Game\Factory">
      <UniqueIdentifier>{81f5fe18-8b32-4235-a154-3c06568979bd}</UniqueIdentifier>
    </Filter>
    <Filter Include="Source Files\Game\Component\Factory">
      <UniqueIdentifier>{bae30419-cda9-42f1-84ec-b60f4676b8c4}</UniqueIdentifier>
    </Filter>
  </ItemGroup>
  <ItemGroup>
    <ClCompile Include="..\..\common\core.cpp">
      <Filter>Source Files</Filter>
    </ClCompile>
    <ClCompile Include="..\..\common\lodepng.cpp">
      <Filter>Source Files</Filter>
    </ClCompile>
    <ClCompile Include="..\..\common\stdafx.cpp">
      <Filter>Source Files</Filter>
    </ClCompile>
    <ClCompile Include="..\..\common\sys_win.cpp">
      <Filter>Source Files</Filter>
    </ClCompile>
    <ClCompile Include="..\..\common\font.cpp">
      <Filter>Source Files</Filter>
    </ClCompile>
    <ClCompile Include="..\..\common\example.cpp">
      <Filter>Source Files\Game</Filter>
    </ClCompile>
    <ClCompile Include="..\..\common\gameLogic.cpp">
      <Filter>Source Files\Game</Filter>
    </ClCompile>
    <ClCompile Include="..\..\common\render.cpp">
      <Filter>Source Files\Game</Filter>
    </ClCompile>
    <ClCompile Include="..\..\common\renderEngine.cpp">
      <Filter>Source Files\Game</Filter>
    </ClCompile>
    <ClCompile Include="..\..\common\entity.cpp">
      <Filter>Source Files\Game\Component</Filter>
    </ClCompile>
    <ClCompile Include="..\..\common\manager.cpp">
      <Filter>Source Files\Game\Controller</Filter>
    </ClCompile>
    <ClCompile Include="..\..\common\timer.cpp">
      <Filter>Source Files\Game\Controller</Filter>
    </ClCompile>
    <ClCompile Include="..\..\common\message.cpp">
      <Filter>Source Files\Game\Component</Filter>
    </ClCompile>
    <ClCompile Include="..\..\common\playerColisionComponent.cpp">
      <Filter>Source Files\Game\Component\Player</Filter>
    </ClCompile>
    <ClCompile Include="..\..\common\playerMovementComponent.cpp">
      <Filter>Source Files\Game\Component\Player</Filter>
    </ClCompile>
    <ClCompile Include="..\..\common\colisionComponent.cpp">
      <Filter>Source Files\Game\Component\Ball</Filter>
    </ClCompile>
    <ClCompile Include="..\..\common\movementComponent.cpp">
      <Filter>Source Files\Game\Component\Ball</Filter>
    </ClCompile>
    <ClCompile Include="..\..\common\projectileMovementComponent.cpp">
      <Filter>Source Files\Game\Component\Projectile</Filter>
    </ClCompile>
    <ClCompile Include="..\..\common\projectileColisionComponent.cpp">
      <Filter>Source Files\Game\Component\Projectile</Filter>
    </ClCompile>
    <ClCompile Include="..\..\common\playerProjectileComponent.cpp">
      <Filter>Source Files\Game\Component\Player</Filter>
    </ClCompile>
    <ClCompile Include="..\..\common\renderComponent.cpp">
      <Filter>Source Files\Game\Component\Ball</Filter>
    </ClCompile>
    <ClCompile Include="..\..\common\playerRenderComponent.cpp">
      <Filter>Source Files\Game\Component\Player</Filter>
    </ClCompile>
    <ClCompile Include="..\..\common\Factory.cpp">
      <Filter>Source Files\Game\Component\Factory</Filter>
    </ClCompile>
  </ItemGroup>
  <ItemGroup>
    <ClInclude Include="..\..\common\core.h">
      <Filter>Header Files</Filter>
    </ClInclude>
    <ClInclude Include="..\..\common\lodepng.h">
      <Filter>Header Files</Filter>
    </ClInclude>
    <ClInclude Include="..\..\common\stdafx.h">
      <Filter>Header Files</Filter>
    </ClInclude>
    <ClInclude Include="..\..\common\sys.h">
      <Filter>Header Files</Filter>
    </ClInclude>
    <ClInclude Include="..\..\common\font.h">
      <Filter>Header Files</Filter>
    </ClInclude>
    <ClInclude Include="..\..\common\vector2d.h">
      <Filter>Header Files</Filter>
    </ClInclude>
    <ClInclude Include="..\..\common\gameLogic.h">
      <Filter>Header Files\Game</Filter>
    </ClInclude>
    <ClInclude Include="..\..\common\render.h">
      <Filter>Header Files\Game</Filter>
    </ClInclude>
    <ClInclude Include="..\..\common\renderEngine.h">
      <Filter>Header Files\Game</Filter>
    </ClInclude>
    <ClInclude Include="..\..\common\component.h">
      <Filter>Header Files\Game\Components</Filter>
    </ClInclude>
    <ClInclude Include="..\..\common\entity.h">
      <Filter>Header Files\Game\Components</Filter>
    </ClInclude>
    <ClInclude Include="..\..\common\manager.h">
      <Filter>Header Files\Game\Controller</Filter>
    </ClInclude>
    <ClInclude Include="..\..\common\timer.h">
      <Filter>Header Files\Game\Controller</Filter>
    </ClInclude>
    <ClInclude Include="..\..\common\message.h">
      <Filter>Header Files\Game\Components</Filter>
    </ClInclude>
    <ClInclude Include="..\..\common\colisionComponent.h">
      <Filter>Header Files\Game\Components\Ball</Filter>
    </ClInclude>
    <ClInclude Include="..\..\common\movementComponent.h">
      <Filter>Header Files\Game\Components\Ball</Filter>
    </ClInclude>
    <ClInclude Include="..\..\common\PlayerColisionComponent.h">
      <Filter>Header Files\Game\Components\Player</Filter>
    </ClInclude>
    <ClInclude Include="..\..\common\playerMovementComponent.h">
      <Filter>Header Files\Game\Components\Player</Filter>
    </ClInclude>
    <ClInclude Include="..\..\common\projectileMovementComponent.h">
      <Filter>Header Files\Game\Components\Projectile</Filter>
    </ClInclude>
    <ClInclude Include="..\..\common\projectileColisionComponent.h">
      <Filter>Header Files\Game\Components\Projectile</Filter>
    </ClInclude>
    <ClInclude Include="..\..\common\playerProjectileComponent.h">
      <Filter>Header Files\Game\Components\Player</Filter>
    </ClInclude>
    <ClInclude Include="..\..\common\renderComponent.h">
      <Filter>Header Files\Game\Components\Ball</Filter>
    </ClInclude>
    <ClInclude Include="..\..\common\playerRenderComponent.h">
      <Filter>Header Files\Game\Components\Player</Filter>
    </ClInclude>
    <ClInclude Include="..\..\common\Factory.h">
      <Filter>Header Files\Game\Factory</Filter>
    </ClInclude>
  </ItemGroup>
  <ItemGroup>
    <None Include="..\Release\data\entities.json">
      <Filter>Resource Files</Filter>
    </None>
    <None Include="..\Release\data\gameData.json">
      <Filter>Resource Files</Filter>
    </None>
  </ItemGroup>
</Project>